// !$*UTF8*$!
{
	archiveVersion = 1;
	classes = {
	};
	objectVersion = 77;
	objects = {

/* Begin PBXBuildFile section */
		573D78E32EDCA8EA007387FB /* .gitignore in Resources */ = {isa = PBXBuildFile; fileRef = 573D78E22EDCA8DC007387FB /* .gitignore */; };
		573D79352EDCA92B007387FB /* CHANGELOG.md in Resources */ = {isa = PBXBuildFile; fileRef = 573D79342EDCA928007387FB /* CHANGELOG.md */; };
		573D79392EDCA972007387FB /* RELEASE-GUIDE.md in Resources */ = {isa = PBXBuildFile; fileRef = 573D79382EDCA952007387FB /* RELEASE-GUIDE.md */; };
		573D793B2EDCA99D007387FB /* .release-please-manifest.json in Resources */ = {isa = PBXBuildFile; fileRef = 573D793A2EDCA99A007387FB /* .release-please-manifest.json */; };
		573D793D2EDCA9D0007387FB /* release-please-config.json in Resources */ = {isa = PBXBuildFile; fileRef = 573D793C2EDCA9C8007387FB /* release-please-config.json */; };
/* End PBXBuildFile section */

/* Begin PBXContainerItemProxy section */
		573D78BB2EDCA539007387FB /* PBXContainerItemProxy */ = {
			isa = PBXContainerItemProxy;
			containerPortal = 573D789C2EDCA536007387FB /* Project object */;
			proxyType = 1;
			remoteGlobalIDString = 573D78A32EDCA536007387FB;
			remoteInfo = LearnCHANGELOG;
		};
		573D78C52EDCA539007387FB /* PBXContainerItemProxy */ = {
			isa = PBXContainerItemProxy;
			containerPortal = 573D789C2EDCA536007387FB /* Project object */;
			proxyType = 1;
			remoteGlobalIDString = 573D78A32EDCA536007387FB;
			remoteInfo = LearnCHANGELOG;
		};
/* End PBXContainerItemProxy section */

/* Begin PBXFileReference section */
		573D78A42EDCA536007387FB /* LearnCHANGELOG.app */ = {isa = PBXFileReference; explicitFileType = wrapper.application; includeInIndex = 0; path = LearnCHANGELOG.app; sourceTree = BUILT_PRODUCTS_DIR; };
		573D78BA2EDCA539007387FB /* LearnCHANGELOGTests.xctest */ = {isa = PBXFileReference; explicitFileType = wrapper.cfbundle; includeInIndex = 0; path = LearnCHANGELOGTests.xctest; sourceTree = BUILT_PRODUCTS_DIR; };
		573D78C42EDCA539007387FB /* LearnCHANGELOGUITests.xctest */ = {isa = PBXFileReference; explicitFileType = wrapper.cfbundle; includeInIndex = 0; path = LearnCHANGELOGUITests.xctest; sourceTree = BUILT_PRODUCTS_DIR; };
		573D78E22EDCA8DC007387FB /* .gitignore */ = {isa = PBXFileReference; lastKnownFileType = text; path = .gitignore; sourceTree = "<group>"; };
		573D79342EDCA928007387FB /* CHANGELOG.md */ = {isa = PBXFileReference; lastKnownFileType = net.daringfireball.markdown; path = CHANGELOG.md; sourceTree = "<group>"; };
		573D79382EDCA952007387FB /* RELEASE-GUIDE.md */ = {isa = PBXFileReference; lastKnownFileType = net.daringfireball.markdown; path = "RELEASE-GUIDE.md"; sourceTree = "<group>"; };
		573D793A2EDCA99A007387FB /* .release-please-manifest.json */ = {isa = PBXFileReference; lastKnownFileType = text.json; path = ".release-please-manifest.json"; sourceTree = "<group>"; };
		573D793C2EDCA9C8007387FB /* release-please-config.json */ = {isa = PBXFileReference; lastKnownFileType = text.json; path = "release-please-config.json"; sourceTree = "<group>"; };
/* End PBXFileReference section */

/* Begin PBXFileSystemSynchronizedBuildFileExceptionSet section */
		573D78CC2EDCA539007387FB /* Exceptions for "LearnCHANGELOG" folder in "LearnCHANGELOG" target */ = {
			isa = PBXFileSystemSynchronizedBuildFileExceptionSet;
			membershipExceptions = (
				Info.plist,
			);
			target = 573D78A32EDCA536007387FB /* LearnCHANGELOG */;
		};
/* End PBXFileSystemSynchronizedBuildFileExceptionSet section */

/* Begin PBXFileSystemSynchronizedRootGroup section */
		573D78A62EDCA536007387FB /* LearnCHANGELOG */ = {
			isa = PBXFileSystemSynchronizedRootGroup;
			exceptions = (
				573D78CC2EDCA539007387FB /* Exceptions for "LearnCHANGELOG" folder in "LearnCHANGELOG" target */,
			);
			path = LearnCHANGELOG;
			sourceTree = "<group>";
		};
		573D78BD2EDCA539007387FB /* LearnCHANGELOGTests */ = {
			isa = PBXFileSystemSynchronizedRootGroup;
			path = LearnCHANGELOGTests;
			sourceTree = "<group>";
		};
		573D78C72EDCA539007387FB /* LearnCHANGELOGUITests */ = {
			isa = PBXFileSystemSynchronizedRootGroup;
			path = LearnCHANGELOGUITests;
			sourceTree = "<group>";
		};
		573D78D82EDCA815007387FB /* .github */ = {
			isa = PBXFileSystemSynchronizedRootGroup;
			path = .github;
			sourceTree = "<group>";
		};
/* End PBXFileSystemSynchronizedRootGroup section */

/* Begin PBXFrameworksBuildPhase section */
		573D78A12EDCA536007387FB /* Frameworks */ = {
			isa = PBXFrameworksBuildPhase;
			buildActionMask = 2147483647;
			files = (
			);
			runOnlyForDeploymentPostprocessing = 0;
		};
		573D78B72EDCA539007387FB /* Frameworks */ = {
			isa = PBXFrameworksBuildPhase;
			buildActionMask = 2147483647;
			files = (
			);
			runOnlyForDeploymentPostprocessing = 0;
		};
		573D78C12EDCA539007387FB /* Frameworks */ = {
			isa = PBXFrameworksBuildPhase;
			buildActionMask = 2147483647;
			files = (
			);
			runOnlyForDeploymentPostprocessing = 0;
		};
/* End PBXFrameworksBuildPhase section */

/* Begin PBXGroup section */
		573D789B2EDCA536007387FB = {
			isa = PBXGroup;
			children = (
				573D793C2EDCA9C8007387FB /* release-please-config.json */,
				573D793A2EDCA99A007387FB /* .release-please-manifest.json */,
				573D79382EDCA952007387FB /* RELEASE-GUIDE.md */,
				573D79342EDCA928007387FB /* CHANGELOG.md */,
				573D78E22EDCA8DC007387FB /* .gitignore */,
				573D78D82EDCA815007387FB /* .github */,
				573D78A62EDCA536007387FB /* LearnCHANGELOG */,
				573D78BD2EDCA539007387FB /* LearnCHANGELOGTests */,
				573D78C72EDCA539007387FB /* LearnCHANGELOGUITests */,
				573D78A52EDCA536007387FB /* Products */,
			);
			sourceTree = "<group>";
		};
		573D78A52EDCA536007387FB /* Products */ = {
			isa = PBXGroup;
			children = (
				573D78A42EDCA536007387FB /* LearnCHANGELOG.app */,
				573D78BA2EDCA539007387FB /* LearnCHANGELOGTests.xctest */,
				573D78C42EDCA539007387FB /* LearnCHANGELOGUITests.xctest */,
			);
			name = Products;
			sourceTree = "<group>";
		};
/* End PBXGroup section */

/* Begin PBXNativeTarget section */
		573D78A32EDCA536007387FB /* LearnCHANGELOG */ = {
			isa = PBXNativeTarget;
			buildConfigurationList = 573D78CD2EDCA539007387FB /* Build configuration list for PBXNativeTarget "LearnCHANGELOG" */;
			buildPhases = (
				573D78A02EDCA536007387FB /* Sources */,
				573D78A12EDCA536007387FB /* Frameworks */,
				573D78A22EDCA536007387FB /* Resources */,
			);
			buildRules = (
			);
			dependencies = (
			);
			fileSystemSynchronizedGroups = (
				573D78A62EDCA536007387FB /* LearnCHANGELOG */,
				573D78D82EDCA815007387FB /* .github */,
			);
			name = LearnCHANGELOG;
			packageProductDependencies = (
			);
			productName = LearnCHANGELOG;
			productReference = 573D78A42EDCA536007387FB /* LearnCHANGELOG.app */;
			productType = "com.apple.product-type.application";
		};
		573D78B92EDCA539007387FB /* LearnCHANGELOGTests */ = {
			isa = PBXNativeTarget;
			buildConfigurationList = 573D78D22EDCA539007387FB /* Build configuration list for PBXNativeTarget "LearnCHANGELOGTests" */;
			buildPhases = (
				573D78B62EDCA539007387FB /* Sources */,
				573D78B72EDCA539007387FB /* Frameworks */,
				573D78B82EDCA539007387FB /* Resources */,
			);
			buildRules = (
			);
			dependencies = (
				573D78BC2EDCA539007387FB /* PBXTargetDependency */,
			);
			fileSystemSynchronizedGroups = (
				573D78BD2EDCA539007387FB /* LearnCHANGELOGTests */,
			);
			name = LearnCHANGELOGTests;
			packageProductDependencies = (
			);
			productName = LearnCHANGELOGTests;
			productReference = 573D78BA2EDCA539007387FB /* LearnCHANGELOGTests.xctest */;
			productType = "com.apple.product-type.bundle.unit-test";
		};
		573D78C32EDCA539007387FB /* LearnCHANGELOGUITests */ = {
			isa = PBXNativeTarget;
			buildConfigurationList = 573D78D52EDCA539007387FB /* Build configuration list for PBXNativeTarget "LearnCHANGELOGUITests" */;
			buildPhases = (
				573D78C02EDCA539007387FB /* Sources */,
				573D78C12EDCA539007387FB /* Frameworks */,
				573D78C22EDCA539007387FB /* Resources */,
			);
			buildRules = (
			);
			dependencies = (
				573D78C62EDCA539007387FB /* PBXTargetDependency */,
			);
			fileSystemSynchronizedGroups = (
				573D78C72EDCA539007387FB /* LearnCHANGELOGUITests */,
			);
			name = LearnCHANGELOGUITests;
			packageProductDependencies = (
			);
			productName = LearnCHANGELOGUITests;
			productReference = 573D78C42EDCA539007387FB /* LearnCHANGELOGUITests.xctest */;
			productType = "com.apple.product-type.bundle.ui-testing";
		};
/* End PBXNativeTarget section */

/* Begin PBXProject section */
		573D789C2EDCA536007387FB /* Project object */ = {
			isa = PBXProject;
			attributes = {
				BuildIndependentTargetsInParallel = 1;
				LastSwiftUpdateCheck = 1600;
				LastUpgradeCheck = 1600;
				TargetAttributes = {
					573D78A32EDCA536007387FB = {
						CreatedOnToolsVersion = 16.0;
					};
					573D78B92EDCA539007387FB = {
						CreatedOnToolsVersion = 16.0;
						TestTargetID = 573D78A32EDCA536007387FB;
					};
					573D78C32EDCA539007387FB = {
						CreatedOnToolsVersion = 16.0;
						TestTargetID = 573D78A32EDCA536007387FB;
					};
				};
			};
			buildConfigurationList = 573D789F2EDCA536007387FB /* Build configuration list for PBXProject "LearnCHANGELOG" */;
			developmentRegion = en;
			hasScannedForEncodings = 0;
			knownRegions = (
				en,
				Base,
			);
			mainGroup = 573D789B2EDCA536007387FB;
			minimizedProjectReferenceProxies = 1;
			preferredProjectObjectVersion = 77;
			productRefGroup = 573D78A52EDCA536007387FB /* Products */;
			projectDirPath = "";
			projectRoot = "";
			targets = (
				573D78A32EDCA536007387FB /* LearnCHANGELOG */,
				573D78B92EDCA539007387FB /* LearnCHANGELOGTests */,
				573D78C32EDCA539007387FB /* LearnCHANGELOGUITests */,
			);
		};
/* End PBXProject section */

/* Begin PBXResourcesBuildPhase section */
		573D78A22EDCA536007387FB /* Resources */ = {
			isa = PBXResourcesBuildPhase;
			buildActionMask = 2147483647;
			files = (
				573D78E32EDCA8EA007387FB /* .gitignore in Resources */,
				573D793D2EDCA9D0007387FB /* release-please-config.json in Resources */,
				573D79352EDCA92B007387FB /* CHANGELOG.md in Resources */,
				573D793B2EDCA99D007387FB /* .release-please-manifest.json in Resources */,
				573D79392EDCA972007387FB /* RELEASE-GUIDE.md in Resources */,
			);
			runOnlyForDeploymentPostprocessing = 0;
		};
		573D78B82EDCA539007387FB /* Resources */ = {
			isa = PBXResourcesBuildPhase;
			buildActionMask = 2147483647;
			files = (
			);
			runOnlyForDeploymentPostprocessing = 0;
		};
		573D78C22EDCA539007387FB /* Resources */ = {
			isa = PBXResourcesBuildPhase;
			buildActionMask = 2147483647;
			files = (
			);
			runOnlyForDeploymentPostprocessing = 0;
		};
/* End PBXResourcesBuildPhase section */

/* Begin PBXSourcesBuildPhase section */
		573D78A02EDCA536007387FB /* Sources */ = {
			isa = PBXSourcesBuildPhase;
			buildActionMask = 2147483647;
			files = (
			);
			runOnlyForDeploymentPostprocessing = 0;
		};
		573D78B62EDCA539007387FB /* Sources */ = {
			isa = PBXSourcesBuildPhase;
			buildActionMask = 2147483647;
			files = (
			);
			runOnlyForDeploymentPostprocessing = 0;
		};
		573D78C02EDCA539007387FB /* Sources */ = {
			isa = PBXSourcesBuildPhase;
			buildActionMask = 2147483647;
			files = (
			);
			runOnlyForDeploymentPostprocessing = 0;
		};
/* End PBXSourcesBuildPhase section */

/* Begin PBXTargetDependency section */
		573D78BC2EDCA539007387FB /* PBXTargetDependency */ = {
			isa = PBXTargetDependency;
			target = 573D78A32EDCA536007387FB /* LearnCHANGELOG */;
			targetProxy = 573D78BB2EDCA539007387FB /* PBXContainerItemProxy */;
		};
		573D78C62EDCA539007387FB /* PBXTargetDependency */ = {
			isa = PBXTargetDependency;
			target = 573D78A32EDCA536007387FB /* LearnCHANGELOG */;
			targetProxy = 573D78C52EDCA539007387FB /* PBXContainerItemProxy */;
		};
/* End PBXTargetDependency section */

/* Begin XCBuildConfiguration section */
		573D78CE2EDCA539007387FB /* Debug */ = {
			isa = XCBuildConfiguration;
			buildSettings = {
				ASSETCATALOG_COMPILER_APPICON_NAME = AppIcon;
				ASSETCATALOG_COMPILER_GLOBAL_ACCENT_COLOR_NAME = AccentColor;
				CODE_SIGN_STYLE = Automatic;
				CURRENT_PROJECT_VERSION = 1;
				DEVELOPMENT_TEAM = 8MYP67433J;
				GENERATE_INFOPLIST_FILE = YES;
				INFOPLIST_FILE = LearnCHANGELOG/Info.plist;
				INFOPLIST_KEY_UIApplicationSupportsIndirectInputEvents = YES;
				INFOPLIST_KEY_UILaunchStoryboardName = LaunchScreen;
				INFOPLIST_KEY_UIMainStoryboardFile = Main;
				INFOPLIST_KEY_UISupportedInterfaceOrientations_iPad = "UIInterfaceOrientationPortrait UIInterfaceOrientationPortraitUpsideDown UIInterfaceOrientationLandscapeLeft UIInterfaceOrientationLandscapeRight";
				INFOPLIST_KEY_UISupportedInterfaceOrientations_iPhone = "UIInterfaceOrientationPortrait UIInterfaceOrientationLandscapeLeft UIInterfaceOrientationLandscapeRight";
				LD_RUNPATH_SEARCH_PATHS = (
					"$(inherited)",
					"@executable_path/Frameworks",
				);
				MARKETING_VERSION = 1.0;
				PRODUCT_BUNDLE_IDENTIFIER = maomaoid.com.LearnCHANGELOG;
				PRODUCT_NAME = "$(TARGET_NAME)";
				SWIFT_EMIT_LOC_STRINGS = YES;
				SWIFT_VERSION = 5.0;
				TARGETED_DEVICE_FAMILY = "1,2";
			};
			name = Debug;
		};
		573D78CF2EDCA539007387FB /* Release */ = {
			isa = XCBuildConfiguration;
			buildSettings = {
				ASSETCATALOG_COMPILER_APPICON_NAME = AppIcon;
				ASSETCATALOG_COMPILER_GLOBAL_ACCENT_COLOR_NAME = AccentColor;
				CODE_SIGN_STYLE = Automatic;
				CURRENT_PROJECT_VERSION = 1;
				DEVELOPMENT_TEAM = 8MYP67433J;
				GENERATE_INFOPLIST_FILE = YES;
				INFOPLIST_FILE = LearnCHANGELOG/Info.plist;
				INFOPLIST_KEY_UIApplicationSupportsIndirectInputEvents = YES;
				INFOPLIST_KEY_UILaunchStoryboardName = LaunchScreen;
				INFOPLIST_KEY_UIMainStoryboardFile = Main;
				INFOPLIST_KEY_UISupportedInterfaceOrientations_iPad = "UIInterfaceOrientationPortrait UIInterfaceOrientationPortraitUpsideDown UIInterfaceOrientationLandscapeLeft UIInterfaceOrientationLandscapeRight";
				INFOPLIST_KEY_UISupportedInterfaceOrientations_iPhone = "UIInterfaceOrientationPortrait UIInterfaceOrientationLandscapeLeft UIInterfaceOrientationLandscapeRight";
				LD_RUNPATH_SEARCH_PATHS = (
					"$(inherited)",
					"@executable_path/Frameworks",
				);
				MARKETING_VERSION = 1.0;
				PRODUCT_BUNDLE_IDENTIFIER = maomaoid.com.LearnCHANGELOG;
				PRODUCT_NAME = "$(TARGET_NAME)";
				SWIFT_EMIT_LOC_STRINGS = YES;
				SWIFT_VERSION = 5.0;
				TARGETED_DEVICE_FAMILY = "1,2";
			};
			name = Release;
		};
		573D78D02EDCA539007387FB /* Debug */ = {
			isa = XCBuildConfiguration;
			buildSettings = {
				ALWAYS_SEARCH_USER_PATHS = NO;
				ASSETCATALOG_COMPILER_GENERATE_SWIFT_ASSET_SYMBOL_EXTENSIONS = YES;
				CLANG_ANALYZER_NONNULL = YES;
				CLANG_ANALYZER_NUMBER_OBJECT_CONVERSION = YES_AGGRESSIVE;
				CLANG_CXX_LANGUAGE_STANDARD = "gnu++20";
				CLANG_ENABLE_MODULES = YES;
				CLANG_ENABLE_OBJC_ARC = YES;
				CLANG_ENABLE_OBJC_WEAK = YES;
				CLANG_WARN_BLOCK_CAPTURE_AUTORELEASING = YES;
				CLANG_WARN_BOOL_CONVERSION = YES;
				CLANG_WARN_COMMA = YES;
				CLANG_WARN_CONSTANT_CONVERSION = YES;
				CLANG_WARN_DEPRECATED_OBJC_IMPLEMENTATIONS = YES;
				CLANG_WARN_DIRECT_OBJC_ISA_USAGE = YES_ERROR;
				CLANG_WARN_DOCUMENTATION_COMMENTS = YES;
				CLANG_WARN_EMPTY_BODY = YES;
				CLANG_WARN_ENUM_CONVERSION = YES;
				CLANG_WARN_INFINITE_RECURSION = YES;
				CLANG_WARN_INT_CONVERSION = YES;
				CLANG_WARN_NON_LITERAL_NULL_CONVERSION = YES;
				CLANG_WARN_OBJC_IMPLICIT_RETAIN_SELF = YES;
				CLANG_WARN_OBJC_LITERAL_CONVERSION = YES;
				CLANG_WARN_OBJC_ROOT_CLASS = YES_ERROR;
				CLANG_WARN_QUOTED_INCLUDE_IN_FRAMEWORK_HEADER = YES;
				CLANG_WARN_RANGE_LOOP_ANALYSIS = YES;
				CLANG_WARN_STRICT_PROTOTYPES = YES;
				CLANG_WARN_SUSPICIOUS_MOVE = YES;
				CLANG_WARN_UNGUARDED_AVAILABILITY = YES_AGGRESSIVE;
				CLANG_WARN_UNREACHABLE_CODE = YES;
				CLANG_WARN__DUPLICATE_METHOD_MATCH = YES;
				COPY_PHASE_STRIP = NO;
				DEBUG_INFORMATION_FORMAT = dwarf;
				ENABLE_STRICT_OBJC_MSGSEND = YES;
				ENABLE_TESTABILITY = YES;
				ENABLE_USER_SCRIPT_SANDBOXING = YES;
				GCC_C_LANGUAGE_STANDARD = gnu17;
				GCC_DYNAMIC_NO_PIC = NO;
				GCC_NO_COMMON_BLOCKS = YES;
				GCC_OPTIMIZATION_LEVEL = 0;
				GCC_PREPROCESSOR_DEFINITIONS = (
					"DEBUG=1",
					"$(inherited)",
				);
				GCC_WARN_64_TO_32_BIT_CONVERSION = YES;
				GCC_WARN_ABOUT_RETURN_TYPE = YES_ERROR;
				GCC_WARN_UNDECLARED_SELECTOR = YES;
				GCC_WARN_UNINITIALIZED_AUTOS = YES_AGGRESSIVE;
				GCC_WARN_UNUSED_FUNCTION = YES;
				GCC_WARN_UNUSED_VARIABLE = YES;
				IPHONEOS_DEPLOYMENT_TARGET = 18.0;
				LOCALIZATION_PREFERS_STRING_CATALOGS = YES;
				MTL_ENABLE_DEBUG_INFO = INCLUDE_SOURCE;
				MTL_FAST_MATH = YES;
				ONLY_ACTIVE_ARCH = YES;
				SDKROOT = iphoneos;
				SWIFT_ACTIVE_COMPILATION_CONDITIONS = "DEBUG $(inherited)";
				SWIFT_OPTIMIZATION_LEVEL = "-Onone";
			};
			name = Debug;
		};
		573D78D12EDCA539007387FB /* Release */ = {
			isa = XCBuildConfiguration;
			buildSettings = {
				ALWAYS_SEARCH_USER_PATHS = NO;
				ASSETCATALOG_COMPILER_GENERATE_SWIFT_ASSET_SYMBOL_EXTENSIONS = YES;
				CLANG_ANALYZER_NONNULL = YES;
				CLANG_ANALYZER_NUMBER_OBJECT_CONVERSION = YES_AGGRESSIVE;
				CLANG_CXX_LANGUAGE_STANDARD = "gnu++20";
				CLANG_ENABLE_MODULES = YES;
				CLANG_ENABLE_OBJC_ARC = YES;
				CLANG_ENABLE_OBJC_WEAK = YES;
				CLANG_WARN_BLOCK_CAPTURE_AUTORELEASING = YES;
				CLANG_WARN_BOOL_CONVERSION = YES;
				CLANG_WARN_COMMA = YES;
				CLANG_WARN_CONSTANT_CONVERSION = YES;
				CLANG_WARN_DEPRECATED_OBJC_IMPLEMENTATIONS = YES;
				CLANG_WARN_DIRECT_OBJC_ISA_USAGE = YES_ERROR;
				CLANG_WARN_DOCUMENTATION_COMMENTS = YES;
				CLANG_WARN_EMPTY_BODY = YES;
				CLANG_WARN_ENUM_CONVERSION = YES;
				CLANG_WARN_INFINITE_RECURSION = YES;
				CLANG_WARN_INT_CONVERSION = YES;
				CLANG_WARN_NON_LITERAL_NULL_CONVERSION = YES;
				CLANG_WARN_OBJC_IMPLICIT_RETAIN_SELF = YES;
				CLANG_WARN_OBJC_LITERAL_CONVERSION = YES;
				CLANG_WARN_OBJC_ROOT_CLASS = YES_ERROR;
				CLANG_WARN_QUOTED_INCLUDE_IN_FRAMEWORK_HEADER = YES;
				CLANG_WARN_RANGE_LOOP_ANALYSIS = YES;
				CLANG_WARN_STRICT_PROTOTYPES = YES;
				CLANG_WARN_SUSPICIOUS_MOVE = YES;
				CLANG_WARN_UNGUARDED_AVAILABILITY = YES_AGGRESSIVE;
				CLANG_WARN_UNREACHABLE_CODE = YES;
				CLANG_WARN__DUPLICATE_METHOD_MATCH = YES;
				COPY_PHASE_STRIP = NO;
				DEBUG_INFORMATION_FORMAT = "dwarf-with-dsym";
				ENABLE_NS_ASSERTIONS = NO;
				ENABLE_STRICT_OBJC_MSGSEND = YES;
				ENABLE_USER_SCRIPT_SANDBOXING = YES;
				GCC_C_LANGUAGE_STANDARD = gnu17;
				GCC_NO_COMMON_BLOCKS = YES;
				GCC_WARN_64_TO_32_BIT_CONVERSION = YES;
				GCC_WARN_ABOUT_RETURN_TYPE = YES_ERROR;
				GCC_WARN_UNDECLARED_SELECTOR = YES;
				GCC_WARN_UNINITIALIZED_AUTOS = YES_AGGRESSIVE;
				GCC_WARN_UNUSED_FUNCTION = YES;
				GCC_WARN_UNUSED_VARIABLE = YES;
				IPHONEOS_DEPLOYMENT_TARGET = 18.0;
				LOCALIZATION_PREFERS_STRING_CATALOGS = YES;
				MTL_ENABLE_DEBUG_INFO = NO;
				MTL_FAST_MATH = YES;
				SDKROOT = iphoneos;
				SWIFT_COMPILATION_MODE = wholemodule;
				VALIDATE_PRODUCT = YES;
			};
			name = Release;
		};
		573D78D32EDCA539007387FB /* Debug */ = {
			isa = XCBuildConfiguration;
			buildSettings = {
				BUNDLE_LOADER = "$(TEST_HOST)";
				CODE_SIGN_STYLE = Automatic;
				CURRENT_PROJECT_VERSION = 1;
				DEVELOPMENT_TEAM = 8MYP67433J;
				GENERATE_INFOPLIST_FILE = YES;
				IPHONEOS_DEPLOYMENT_TARGET = 18.0;
				MARKETING_VERSION = 1.0;
				PRODUCT_BUNDLE_IDENTIFIER = maomaoid.com.LearnCHANGELOGTests;
				PRODUCT_NAME = "$(TARGET_NAME)";
				SWIFT_EMIT_LOC_STRINGS = NO;
				SWIFT_VERSION = 5.0;
				TARGETED_DEVICE_FAMILY = "1,2";
				TEST_HOST = "$(BUILT_PRODUCTS_DIR)/LearnCHANGELOG.app/$(BUNDLE_EXECUTABLE_FOLDER_PATH)/LearnCHANGELOG";
			};
			name = Debug;
		};
		573D78D42EDCA539007387FB /* Release */ = {
			isa = XCBuildConfiguration;
			buildSettings = {
				BUNDLE_LOADER = "$(TEST_HOST)";
				CODE_SIGN_STYLE = Automatic;
				CURRENT_PROJECT_VERSION = 1;
				DEVELOPMENT_TEAM = 8MYP67433J;
				GENERATE_INFOPLIST_FILE = YES;
				IPHONEOS_DEPLOYMENT_TARGET = 18.0;
				MARKETING_VERSION = 1.0;
				PRODUCT_BUNDLE_IDENTIFIER = maomaoid.com.LearnCHANGELOGTests;
				PRODUCT_NAME = "$(TARGET_NAME)";
				SWIFT_EMIT_LOC_STRINGS = NO;
				SWIFT_VERSION = 5.0;
				TARGETED_DEVICE_FAMILY = "1,2";
				TEST_HOST = "$(BUILT_PRODUCTS_DIR)/LearnCHANGELOG.app/$(BUNDLE_EXECUTABLE_FOLDER_PATH)/LearnCHANGELOG";
			};
			name = Release;
		};
		573D78D62EDCA539007387FB /* Debug */ = {
			isa = XCBuildConfiguration;
			buildSettings = {
				CODE_SIGN_STYLE = Automatic;
				CURRENT_PROJECT_VERSION = 1;
				DEVELOPMENT_TEAM = 8MYP67433J;
				GENERATE_INFOPLIST_FILE = YES;
				MARKETING_VERSION = 1.0;
				PRODUCT_BUNDLE_IDENTIFIER = maomaoid.com.LearnCHANGELOGUITests;
				PRODUCT_NAME = "$(TARGET_NAME)";
				SWIFT_EMIT_LOC_STRINGS = NO;
				SWIFT_VERSION = 5.0;
				TARGETED_DEVICE_FAMILY = "1,2";
				TEST_TARGET_NAME = LearnCHANGELOG;
			};
			name = Debug;
		};
		573D78D72EDCA539007387FB /* Release */ = {
			isa = XCBuildConfiguration;
			buildSettings = {
				CODE_SIGN_STYLE = Automatic;
				CURRENT_PROJECT_VERSION = 1;
				DEVELOPMENT_TEAM = 8MYP67433J;
				GENERATE_INFOPLIST_FILE = YES;
				MARKETING_VERSION = 1.0;
				PRODUCT_BUNDLE_IDENTIFIER = maomaoid.com.LearnCHANGELOGUITests;
				PRODUCT_NAME = "$(TARGET_NAME)";
				SWIFT_EMIT_LOC_STRINGS = NO;
				SWIFT_VERSION = 5.0;
				TARGETED_DEVICE_FAMILY = "1,2";
				TEST_TARGET_NAME = LearnCHANGELOG;
			};
			name = Release;
		};
/* End XCBuildConfiguration section */

/* Begin XCConfigurationList section */
		573D789F2EDCA536007387FB /* Build configuration list for PBXProject "LearnCHANGELOG" */ = {
			isa = XCConfigurationList;
			buildConfigurations = (
				573D78D02EDCA539007387FB /* Debug */,
				573D78D12EDCA539007387FB /* Release */,
			);
			defaultConfigurationIsVisible = 0;
			defaultConfigurationName = Release;
		};
		573D78CD2EDCA539007387FB /* Build configuration list for PBXNativeTarget "LearnCHANGELOG" */ = {
			isa = XCConfigurationList;
			buildConfigurations = (
				573D78CE2EDCA539007387FB /* Debug */,
				573D78CF2EDCA539007387FB /* Release */,
			);
			defaultConfigurationIsVisible = 0;
			defaultConfigurationName = Release;
		};
		573D78D22EDCA539007387FB /* Build configuration list for PBXNativeTarget "LearnCHANGELOGTests" */ = {
			isa = XCConfigurationList;
			buildConfigurations = (
				573D78D32EDCA539007387FB /* Debug */,
				573D78D42EDCA539007387FB /* Release */,
			);
			defaultConfigurationIsVisible = 0;
			defaultConfigurationName = Release;
		};
		573D78D52EDCA539007387FB /* Build configuration list for PBXNativeTarget "LearnCHANGELOGUITests" */ = {
			isa = XCConfigurationList;
			buildConfigurations = (
				573D78D62EDCA539007387FB /* Debug */,
				573D78D72EDCA539007387FB /* Release */,
			);
			defaultConfigurationIsVisible = 0;
			defaultConfigurationName = Release;
		};
/* End XCConfigurationList section */
	};
	rootObject = 573D789C2EDCA536007387FB /* Project object */;
}
